
Microsoft Visual Studio Solution File, Format Version 12.00
# Visual Studio 14
VisualStudioVersion = 14.0.25123.0
MinimumVisualStudioVersion = 10.0.40219.1
Project("{FAE04EC0-301F-11D3-BF4B-00C04F79EFBC}") = "CorBaike", "CorBaike\CorBaike.csproj", "{DFAD1957-400E-4F8D-BE9A-6F6C06080E46}"
EndProject
Project("{FAE04EC0-301F-11D3-BF4B-00C04F79EFBC}") = "QueryBaike", "QueryBaike\QueryBaike.csproj", "{41F5EF51-A1A8-492A-89F6-906388078526}"
EndProject
Project("{FAE04EC0-301F-11D3-BF4B-00C04F79EFBC}") = "BaikeService", "BaikeService\BaikeService.csproj", "{F6E4F8D1-1C04-4D32-A948-F1941D3ABAA2}"
EndProject
Global
	GlobalSection(SolutionConfigurationPlatforms) = preSolution
		Debug|Any CPU = Debug|Any CPU
		Debug|ARM = Debug|ARM
		Debug|x64 = Debug|x64
		Debug|x86 = Debug|x86
		Release|Any CPU = Release|Any CPU
		Release|ARM = Release|ARM
		Release|x64 = Release|x64
		Release|x86 = Release|x86
	EndGlobalSection
	GlobalSection(ProjectConfigurationPlatforms) = postSolution
		{DFAD1957-400E-4F8D-BE9A-6F6C06080E46}.Debug|Any CPU.ActiveCfg = Debug|x86
		{DFAD1957-400E-4F8D-BE9A-6F6C06080E46}.Debug|ARM.ActiveCfg = Debug|ARM
		{DFAD1957-400E-4F8D-BE9A-6F6C06080E46}.Debug|ARM.Build.0 = Debug|ARM
		{DFAD1957-400E-4F8D-BE9A-6F6C06080E46}.Debug|ARM.Deploy.0 = Debug|ARM
		{DFAD1957-400E-4F8D-BE9A-6F6C06080E46}.Debug|x64.ActiveCfg = Debug|x64
		{DFAD1957-400E-4F8D-BE9A-6F6C06080E46}.Debug|x64.Build.0 = Debug|x64
		{DFAD1957-400E-4F8D-BE9A-6F6C06080E46}.Debug|x64.Deploy.0 = Debug|x64
		{DFAD1957-400E-4F8D-BE9A-6F6C06080E46}.Debug|x86.ActiveCfg = Debug|x86
		{DFAD1957-400E-4F8D-BE9A-6F6C06080E46}.Debug|x86.Build.0 = Debug|x86
		{DFAD1957-400E-4F8D-BE9A-6F6C06080E46}.Debug|x86.Deploy.0 = Debug|x86
		{DFAD1957-400E-4F8D-BE9A-6F6C06080E46}.Release|Any CPU.ActiveCfg = Release|x86
		{DFAD1957-400E-4F8D-BE9A-6F6C06080E46}.Release|ARM.ActiveCfg = Release|ARM
		{DFAD1957-400E-4F8D-BE9A-6F6C06080E46}.Release|ARM.Build.0 = Release|ARM
		{DFAD1957-400E-4F8D-BE9A-6F6C06080E46}.Release|ARM.Deploy.0 = Release|ARM
		{DFAD1957-400E-4F8D-BE9A-6F6C06080E46}.Release|x64.ActiveCfg = Release|x64
		{DFAD1957-400E-4F8D-BE9A-6F6C06080E46}.Release|x64.Build.0 = Release|x64
		{DFAD1957-400E-4F8D-BE9A-6F6C06080E46}.Release|x64.Deploy.0 = Release|x64
		{DFAD1957-400E-4F8D-BE9A-6F6C06080E46}.Release|x86.ActiveCfg = Release|x86
		{DFAD1957-400E-4F8D-BE9A-6F6C06080E46}.Release|x86.Build.0 = Release|x86
		{DFAD1957-400E-4F8D-BE9A-6F6C06080E46}.Release|x86.Deploy.0 = Release|x86
		{41F5EF51-A1A8-492A-89F6-906388078526}.Debug|Any CPU.ActiveCfg = Debug|Any CPU
		{41F5EF51-A1A8-492A-89F6-906388078526}.Debug|Any CPU.Build.0 = Debug|Any CPU
		{41F5EF51-A1A8-492A-89F6-906388078526}.Debug|ARM.ActiveCfg = Debug|ARM
		{41F5EF51-A1A8-492A-89F6-906388078526}.Debug|ARM.Build.0 = Debug|ARM
		{41F5EF51-A1A8-492A-89F6-906388078526}.Debug|x64.ActiveCfg = Debug|x64
		{41F5EF51-A1A8-492A-89F6-906388078526}.Debug|x64.Build.0 = Debug|x64
		{41F5EF51-A1A8-492A-89F6-906388078526}.Debug|x86.ActiveCfg = Debug|x86
		{41F5EF51-A1A8-492A-89F6-906388078526}.Debug|x86.Build.0 = Debug|x86
		{41F5EF51-A1A8-492A-89F6-906388078526}.Release|Any CPU.ActiveCfg = Release|Any CPU
		{41F5EF51-A1A8-492A-89F6-906388078526}.Release|Any CPU.Build.0 = Release|Any CPU
		{41F5EF51-A1A8-492A-89F6-906388078526}.Release|ARM.ActiveCfg = Release|ARM
		{41F5EF51-A1A8-492A-89F6-906388078526}.Release|ARM.Build.0 = Release|ARM
		{41F5EF51-A1A8-492A-89F6-906388078526}.Release|x64.ActiveCfg = Release|x64
		{41F5EF51-A1A8-492A-89F6-906388078526}.Release|x64.Build.0 = Release|x64
		{41F5EF51-A1A8-492A-89F6-906388078526}.Release|x86.ActiveCfg = Release|x86
		{41F5EF51-A1A8-492A-89F6-906388078526}.Release|x86.Build.0 = Release|x86
		{F6E4F8D1-1C04-4D32-A948-F1941D3ABAA2}.Debug|Any CPU.ActiveCfg = Debug|Any CPU
		{F6E4F8D1-1C04-4D32-A948-F1941D3ABAA2}.Debug|Any CPU.Build.0 = Debug|Any CPU
		{F6E4F8D1-1C04-4D32-A948-F1941D3ABAA2}.Debug|ARM.ActiveCfg = Debug|ARM
		{F6E4F8D1-1C04-4D32-A948-F1941D3ABAA2}.Debug|ARM.Build.0 = Debug|ARM
		{F6E4F8D1-1C04-4D32-A948-F1941D3ABAA2}.Debug|x64.ActiveCfg = Debug|x64
		{F6E4F8D1-1C04-4D32-A948-F1941D3ABAA2}.Debug|x64.Build.0 = Debug|x64
		{F6E4F8D1-1C04-4D32-A948-F1941D3ABAA2}.Debug|x86.ActiveCfg = Debug|x86
		{F6E4F8D1-1C04-4D32-A948-F1941D3ABAA2}.Debug|x86.Build.0 = Debug|x86
		{F6E4F8D1-1C04-4D32-A948-F1941D3ABAA2}.Release|Any CPU.ActiveCfg = Release|Any CPU
		{F6E4F8D1-1C04-4D32-A948-F1941D3ABAA2}.Release|Any CPU.Build.0 = Release|Any CPU
		{F6E4F8D1-1C04-4D32-A948-F1941D3ABAA2}.Release|ARM.ActiveCfg = Release|ARM
		{F6E4F8D1-1C04-4D32-A948-F1941D3ABAA2}.Release|ARM.Build.0 = Release|ARM
		{F6E4F8D1-1C04-4D32-A948-F1941D3ABAA2}.Release|x64.ActiveCfg = Release|x64
		{F6E4F8D1-1C04-4D32-A948-F1941D3ABAA2}.Release|x64.Build.0 = Release|x64
		{F6E4F8D1-1C04-4D32-A948-F1941D3ABAA2}.Release|x86.ActiveCfg = Release|x86
		{F6E4F8D1-1C04-4D32-A948-F1941D3ABAA2}.Release|x86.Build.0 = Release|x86
	EndGlobalSection
	GlobalSection(SolutionProperties) = preSolution
		HideSolutionNode = FALSE
	EndGlobalSection
EndGlobal
